
Microsoft Visual Studio Solution File, Format Version 12.00
# Visual Studio 15
VisualStudioVersion = 15.0.28307.902
MinimumVisualStudioVersion = 10.0.40219.1
Project("{FAE04EC0-301F-11D3-BF4B-00C04F79EFBC}") = "wasterWaterFlowInfo", "wasterWaterFlowInfo\wasterWaterFlowInfo.csproj", "{CF73EE4E-12CC-420D-B81B-9878D1B3EEE8}"
EndProject
Global
	GlobalSection(SolutionConfigurationPlatforms) = preSolution
		Debug|Any CPU = Debug|Any CPU
		Release|Any CPU = Release|Any CPU
	EndGlobalSection
	GlobalSection(ProjectConfigurationPlatforms) = postSolution
		{CF73EE4E-12CC-420D-B81B-9878D1B3EEE8}.Debug|Any CPU.ActiveCfg = Debug|Any CPU
		{CF73EE4E-12CC-420D-B81B-9878D1B3EEE8}.Debug|Any CPU.Build.0 = Debug|Any CPU
		{CF73EE4E-12CC-420D-B81B-9878D1B3EEE8}.Release|Any CPU.ActiveCfg = Release|Any CPU
		{CF73EE4E-12CC-420D-B81B-9878D1B3EEE8}.Release|Any CPU.Build.0 = Release|Any CPU
	EndGlobalSection
	GlobalSection(SolutionProperties) = preSolution
		HideSolutionNode = FALSE
	EndGlobalSection
	GlobalSection(ExtensibilityGlobals) = postSolution
		SolutionGuid = {11A92F29-43E8-44C1-9E8D-F227F21AF7BA}
	EndGlobalSection
EndGlobal
